{
  "version": "3",
  "packages": {
    "specifiers": {
      "npm:@cloudflare/workers-types@^4.20230914.0": "npm:@cloudflare/workers-types@4.20231025.0",
      "npm:hono": "npm:hono@3.7.6",
      "npm:hono@3.8.1": "npm:hono@3.8.1",
      "npm:hono@^3.10.1": "npm:hono@3.10.1",
      "npm:humanize-string": "npm:humanize-string@3.0.0",
      "npm:wrangler@^3.15.0": "npm:wrangler@3.15.0_esbuild@0.17.19"
    },
    "npm": {
      "@cloudflare/kv-asset-handler@0.2.0": {
        "integrity": "sha512-MVbXLbTcAotOPUj0pAMhVtJ+3/kFkwJqc5qNOleOZTv6QkZZABDMS21dSrSlVswEHwrpWC03e4fWytjqKvuE2A==",
        "dependencies": {
          "mime": "mime@3.0.0"
        }
      },
      "@cloudflare/workerd-darwin-64@1.20231025.0": {
        "integrity": "sha512-MYRYTbSl+tjGg6su7savlLIb8cOcKJfdGpA+WdtgqT2OF7O+89Lag0l1SA/iyVlUkT31Jc6OLHqvzsXgmg+niQ==",
        "dependencies": {}
      },
      "@cloudflare/workerd-darwin-arm64@1.20231025.0": {
        "integrity": "sha512-BszjtBDR84TVa6oWe74dePJSAukWlTmLw9zR4KeWuwZLJGV7RMm6AmwGStetjnwZrecZaaOFELfBCAHtsebV0Q==",
        "dependencies": {}
      },
      "@cloudflare/workerd-linux-64@1.20231025.0": {
        "integrity": "sha512-AT9dxgKXOa9xZxZ3k2a432axPJJ58KpoNWnPiPYGpuAuLoWnfcYwwh6mr9sZVcTdAdTAK9Xu9c81tp0YABanUw==",
        "dependencies": {}
      },
      "@cloudflare/workerd-linux-arm64@1.20231025.0": {
        "integrity": "sha512-EIjex5o2k80YZWPix1btGybL/vNZ3o6vqKX9ptS0JcFkHV5aFX5/kcMwSBRjiIC+w04zVjmGQx3N1Vh3njuncg==",
        "dependencies": {}
      },
      "@cloudflare/workerd-windows-64@1.20231025.0": {
        "integrity": "sha512-7vtq0mO22A2v0OOsKXa760r9a84Gg8CK0gDu5uNWlj6hojmt011iz7jJt76I7oo/XrVwVlVfu69GnA3ljx6U8w==",
        "dependencies": {}
      },
      "@cloudflare/workers-types@4.20231025.0": {
        "integrity": "sha512-TkcZkntUTOcvJ4vgmwpNfLTclpMbmbClZCe62B25/VTukmyv91joRa4eKzSjzCZUXTbFHNmVdOpmGaaJU2U3+A==",
        "dependencies": {}
      },
      "@esbuild-plugins/node-globals-polyfill@0.2.3_esbuild@0.17.19": {
        "integrity": "sha512-r3MIryXDeXDOZh7ih1l/yE9ZLORCd5e8vWg02azWRGj5SPTuoh69A2AIyn0Z31V/kHBfZ4HgWJ+OK3GTTwLmnw==",
        "dependencies": {
          "esbuild": "esbuild@0.17.19"
        }
      },
      "@esbuild-plugins/node-modules-polyfill@0.2.2_esbuild@0.17.19": {
        "integrity": "sha512-LXV7QsWJxRuMYvKbiznh+U1ilIop3g2TeKRzUxOG5X3YITc8JyyTa90BmLwqqv0YnX4v32CSlG+vsziZp9dMvA==",
        "dependencies": {
          "esbuild": "esbuild@0.17.19",
          "escape-string-regexp": "escape-string-regexp@4.0.0",
          "rollup-plugin-node-polyfills": "rollup-plugin-node-polyfills@0.2.1"
        }
      },
      "@esbuild/android-arm64@0.17.19": {
        "integrity": "sha512-KBMWvEZooR7+kzY0BtbTQn0OAYY7CsiydT63pVEaPtVYF0hXbUaOyZog37DKxK7NF3XacBJOpYT4adIJh+avxA==",
        "dependencies": {}
      },
      "@esbuild/android-arm@0.17.19": {
        "integrity": "sha512-rIKddzqhmav7MSmoFCmDIb6e2W57geRsM94gV2l38fzhXMwq7hZoClug9USI2pFRGL06f4IOPHHpFNOkWieR8A==",
        "dependencies": {}
      },
      "@esbuild/android-x64@0.17.19": {
        "integrity": "sha512-uUTTc4xGNDT7YSArp/zbtmbhO0uEEK9/ETW29Wk1thYUJBz3IVnvgEiEwEa9IeLyvnpKrWK64Utw2bgUmDveww==",
        "dependencies": {}
      },
      "@esbuild/darwin-arm64@0.17.19": {
        "integrity": "sha512-80wEoCfF/hFKM6WE1FyBHc9SfUblloAWx6FJkFWTWiCoht9Mc0ARGEM47e67W9rI09YoUxJL68WHfDRYEAvOhg==",
        "dependencies": {}
      },
      "@esbuild/darwin-x64@0.17.19": {
        "integrity": "sha512-IJM4JJsLhRYr9xdtLytPLSH9k/oxR3boaUIYiHkAawtwNOXKE8KoU8tMvryogdcT8AU+Bflmh81Xn6Q0vTZbQw==",
        "dependencies": {}
      },
      "@esbuild/freebsd-arm64@0.17.19": {
        "integrity": "sha512-pBwbc7DufluUeGdjSU5Si+P3SoMF5DQ/F/UmTSb8HXO80ZEAJmrykPyzo1IfNbAoaqw48YRpv8shwd1NoI0jcQ==",
        "dependencies": {}
      },
      "@esbuild/freebsd-x64@0.17.19": {
        "integrity": "sha512-4lu+n8Wk0XlajEhbEffdy2xy53dpR06SlzvhGByyg36qJw6Kpfk7cp45DR/62aPH9mtJRmIyrXAS5UWBrJT6TQ==",
        "dependencies": {}
      },
      "@esbuild/linux-arm64@0.17.19": {
        "integrity": "sha512-ct1Tg3WGwd3P+oZYqic+YZF4snNl2bsnMKRkb3ozHmnM0dGWuxcPTTntAF6bOP0Sp4x0PjSF+4uHQ1xvxfRKqg==",
        "dependencies": {}
      },
      "@esbuild/linux-arm@0.17.19": {
        "integrity": "sha512-cdmT3KxjlOQ/gZ2cjfrQOtmhG4HJs6hhvm3mWSRDPtZ/lP5oe8FWceS10JaSJC13GBd4eH/haHnqf7hhGNLerA==",
        "dependencies": {}
      },
      "@esbuild/linux-ia32@0.17.19": {
        "integrity": "sha512-w4IRhSy1VbsNxHRQpeGCHEmibqdTUx61Vc38APcsRbuVgK0OPEnQ0YD39Brymn96mOx48Y2laBQGqgZ0j9w6SQ==",
        "dependencies": {}
      },
      "@esbuild/linux-loong64@0.17.19": {
        "integrity": "sha512-2iAngUbBPMq439a+z//gE+9WBldoMp1s5GWsUSgqHLzLJ9WoZLZhpwWuym0u0u/4XmZ3gpHmzV84PonE+9IIdQ==",
        "dependencies": {}
      },
      "@esbuild/linux-mips64el@0.17.19": {
        "integrity": "sha512-LKJltc4LVdMKHsrFe4MGNPp0hqDFA1Wpt3jE1gEyM3nKUvOiO//9PheZZHfYRfYl6AwdTH4aTcXSqBerX0ml4A==",
        "dependencies": {}
      },
      "@esbuild/linux-ppc64@0.17.19": {
        "integrity": "sha512-/c/DGybs95WXNS8y3Ti/ytqETiW7EU44MEKuCAcpPto3YjQbyK3IQVKfF6nbghD7EcLUGl0NbiL5Rt5DMhn5tg==",
        "dependencies": {}
      },
      "@esbuild/linux-riscv64@0.17.19": {
        "integrity": "sha512-FC3nUAWhvFoutlhAkgHf8f5HwFWUL6bYdvLc/TTuxKlvLi3+pPzdZiFKSWz/PF30TB1K19SuCxDTI5KcqASJqA==",
        "dependencies": {}
      },
      "@esbuild/linux-s390x@0.17.19": {
        "integrity": "sha512-IbFsFbxMWLuKEbH+7sTkKzL6NJmG2vRyy6K7JJo55w+8xDk7RElYn6xvXtDW8HCfoKBFK69f3pgBJSUSQPr+4Q==",
        "dependencies": {}
      },
      "@esbuild/linux-x64@0.17.19": {
        "integrity": "sha512-68ngA9lg2H6zkZcyp22tsVt38mlhWde8l3eJLWkyLrp4HwMUr3c1s/M2t7+kHIhvMjglIBrFpncX1SzMckomGw==",
        "dependencies": {}
      },
      "@esbuild/netbsd-x64@0.17.19": {
        "integrity": "sha512-CwFq42rXCR8TYIjIfpXCbRX0rp1jo6cPIUPSaWwzbVI4aOfX96OXY8M6KNmtPcg7QjYeDmN+DD0Wp3LaBOLf4Q==",
        "dependencies": {}
      },
      "@esbuild/openbsd-x64@0.17.19": {
        "integrity": "sha512-cnq5brJYrSZ2CF6c35eCmviIN3k3RczmHz8eYaVlNasVqsNY+JKohZU5MKmaOI+KkllCdzOKKdPs762VCPC20g==",
        "dependencies": {}
      },
      "@esbuild/sunos-x64@0.17.19": {
        "integrity": "sha512-vCRT7yP3zX+bKWFeP/zdS6SqdWB8OIpaRq/mbXQxTGHnIxspRtigpkUcDMlSCOejlHowLqII7K2JKevwyRP2rg==",
        "dependencies": {}
      },
      "@esbuild/win32-arm64@0.17.19": {
        "integrity": "sha512-yYx+8jwowUstVdorcMdNlzklLYhPxjniHWFKgRqH7IFlUEa0Umu3KuYplf1HUZZ422e3NU9F4LGb+4O0Kdcaag==",
        "dependencies": {}
      },
      "@esbuild/win32-ia32@0.17.19": {
        "integrity": "sha512-eggDKanJszUtCdlVs0RB+h35wNlb5v4TWEkq4vZcmVt5u/HiDZrTXe2bWFQUez3RgNHwx/x4sk5++4NSSicKkw==",
        "dependencies": {}
      },
      "@esbuild/win32-x64@0.17.19": {
        "integrity": "sha512-lAhycmKnVOuRYNtRtatQR1LPQf2oYCkRGkSFnseDAKPl8lu5SOsK/e1sXe5a0Pc5kHIHe6P2I/ilntNv2xf3cA==",
        "dependencies": {}
      },
      "@fastify/busboy@2.1.0": {
        "integrity": "sha512-+KpH+QxZU7O4675t3mnkQKcZZg56u+K/Ct2K+N2AZYNVK8kyeo/bI18tI8aPm3tvNNRyTWfj6s5tnGNlcbQRsA==",
        "dependencies": {}
      },
      "@types/node-forge@1.3.9": {
        "integrity": "sha512-meK88cx/sTalPSLSoCzkiUB4VPIFHmxtXm5FaaqRDqBX2i/Sy8bJ4odsan0b20RBjPh06dAQ+OTTdnyQyhJZyQ==",
        "dependencies": {
          "@types/node": "@types/node@18.16.19"
        }
      },
      "@types/node@18.16.19": {
        "integrity": "sha512-IXl7o+R9iti9eBW4Wg2hx1xQDig183jj7YLn8F7udNceyfkbn1ZxmzZXuak20gR40D7pIkIY1kYGx5VIGbaHKA==",
        "dependencies": {}
      },
      "acorn-walk@8.2.0": {
        "integrity": "sha512-k+iyHEuPgSw6SbuDpGQM+06HQUa04DZ3o+F6CSzXMvvI5KMvnaEqXe+YVe555R9nn6GPt404fos4wcgpw12SDA==",
        "dependencies": {}
      },
      "acorn@8.10.0": {
        "integrity": "sha512-F0SAmZ8iUtS//m8DmCTA0jlh6TDKkHQyK6xc6V4KDTyZKA9dnvX9/3sRTVQrWm79glUAZbnmmNcdYwUIHWVybw==",
        "dependencies": {}
      },
      "anymatch@3.1.3": {
        "integrity": "sha512-KMReFUr0B4t+D+OBkjR3KYqvocp2XaSzO55UcB6mgQMd3KbcE+mWTyvVV7D/zsdEbNnV6acZUutkiHQXvTr1Rw==",
        "dependencies": {
          "normalize-path": "normalize-path@3.0.0",
          "picomatch": "picomatch@2.3.1"
        }
      },
      "as-table@1.0.55": {
        "integrity": "sha512-xvsWESUJn0JN421Xb9MQw6AsMHRCUknCe0Wjlxvjud80mU4E6hQf1A6NzQKcYNmYw62MfzEtXc+badstZP3JpQ==",
        "dependencies": {
          "printable-characters": "printable-characters@1.0.42"
        }
      },
      "binary-extensions@2.2.0": {
        "integrity": "sha512-jDctJ/IVQbZoJykoeHbhXpOlNBqGNcwXJKJog42E5HDPUwQTSdjCHdihjj0DlnheQ7blbT6dHOafNAiS8ooQKA==",
        "dependencies": {}
      },
      "blake3-wasm@2.1.5": {
        "integrity": "sha512-F1+K8EbfOZE49dtoPtmxUQrpXaBIl3ICvasLh+nJta0xkz+9kF/7uet9fLnwKqhDrmj6g+6K3Tw9yQPUg2ka5g==",
        "dependencies": {}
      },
      "braces@3.0.2": {
        "integrity": "sha512-b8um+L1RzM3WDSzvhm6gIz1yfTbBt6YTlcEKAvsmqCZZFw46z626lVj9j1yEPW33H5H+lBQpZMP1k8l+78Ha0A==",
        "dependencies": {
          "fill-range": "fill-range@7.0.1"
        }
      },
      "buffer-from@1.1.2": {
        "integrity": "sha512-E+XQCRwSbaaiChtv6k6Dwgc+bx+Bs6vuKJHHl5kox/BaKbhiXzqQOwK4cO22yElGp2OCmjwVhT3HmxgyPGnJfQ==",
        "dependencies": {}
      },
      "capnp-ts@0.7.0": {
        "integrity": "sha512-XKxXAC3HVPv7r674zP0VC3RTXz+/JKhfyw94ljvF80yynK6VkTnqE3jMuN8b3dUVmmc43TjyxjW4KTsmB3c86g==",
        "dependencies": {
          "debug": "debug@4.3.4",
          "tslib": "tslib@2.6.2"
        }
      },
      "chokidar@3.5.3": {
        "integrity": "sha512-Dr3sfKRP6oTcjf2JmUmFJfeVMvXBdegxB0iVQ5eb2V10uFJUCAS8OByZdVAyVb8xXNz3GjjTgj9kLWsZTqE6kw==",
        "dependencies": {
          "anymatch": "anymatch@3.1.3",
          "braces": "braces@3.0.2",
          "fsevents": "fsevents@2.3.3",
          "glob-parent": "glob-parent@5.1.2",
          "is-binary-path": "is-binary-path@2.1.0",
          "is-glob": "is-glob@4.0.3",
          "normalize-path": "normalize-path@3.0.0",
          "readdirp": "readdirp@3.6.0"
        }
      },
      "cookie@0.5.0": {
        "integrity": "sha512-YZ3GUyn/o8gfKJlnlX7g7xq4gyO6OSuhGPKaaGssGB2qgDUS0gPgtTvoyZLTt9Ab6dC4hfc9dV5arkvc/OCmrw==",
        "dependencies": {}
      },
      "data-uri-to-buffer@2.0.2": {
        "integrity": "sha512-ND9qDTLc6diwj+Xe5cdAgVTbLVdXbtxTJRXRhli8Mowuaan+0EJOtdqJ0QCHNSSPyoXGx9HX2/VMnKeC34AChA==",
        "dependencies": {}
      },
      "debug@4.3.4": {
        "integrity": "sha512-PRWFHuSU3eDtQJPvnNY7Jcket1j0t5OuOsFzPPzsekD52Zl8qUfFIPEiswXqIvHWGVHOgX+7G/vCNNhehwxfkQ==",
        "dependencies": {
          "ms": "ms@2.1.2"
        }
      },
      "decamelize@6.0.0": {
        "integrity": "sha512-Fv96DCsdOgB6mdGl67MT5JaTNKRzrzill5OH5s8bjYJXVlcXyPYGyPsUkWyGV5p1TXI5esYIYMMeDJL0hEIwaA==",
        "dependencies": {}
      },
      "esbuild@0.17.19": {
        "integrity": "sha512-XQ0jAPFkK/u3LcVRcvVHQcTIqD6E2H1fvZMA5dQPSOWb3suUbWbfbRf94pjc0bNzRYLfIrDRQXr7X+LHIm5oHw==",
        "dependencies": {
          "@esbuild/android-arm": "@esbuild/android-arm@0.17.19",
          "@esbuild/android-arm64": "@esbuild/android-arm64@0.17.19",
          "@esbuild/android-x64": "@esbuild/android-x64@0.17.19",
          "@esbuild/darwin-arm64": "@esbuild/darwin-arm64@0.17.19",
          "@esbuild/darwin-x64": "@esbuild/darwin-x64@0.17.19",
          "@esbuild/freebsd-arm64": "@esbuild/freebsd-arm64@0.17.19",
          "@esbuild/freebsd-x64": "@esbuild/freebsd-x64@0.17.19",
          "@esbuild/linux-arm": "@esbuild/linux-arm@0.17.19",
          "@esbuild/linux-arm64": "@esbuild/linux-arm64@0.17.19",
          "@esbuild/linux-ia32": "@esbuild/linux-ia32@0.17.19",
          "@esbuild/linux-loong64": "@esbuild/linux-loong64@0.17.19",
          "@esbuild/linux-mips64el": "@esbuild/linux-mips64el@0.17.19",
          "@esbuild/linux-ppc64": "@esbuild/linux-ppc64@0.17.19",
          "@esbuild/linux-riscv64": "@esbuild/linux-riscv64@0.17.19",
          "@esbuild/linux-s390x": "@esbuild/linux-s390x@0.17.19",
          "@esbuild/linux-x64": "@esbuild/linux-x64@0.17.19",
          "@esbuild/netbsd-x64": "@esbuild/netbsd-x64@0.17.19",
          "@esbuild/openbsd-x64": "@esbuild/openbsd-x64@0.17.19",
          "@esbuild/sunos-x64": "@esbuild/sunos-x64@0.17.19",
          "@esbuild/win32-arm64": "@esbuild/win32-arm64@0.17.19",
          "@esbuild/win32-ia32": "@esbuild/win32-ia32@0.17.19",
          "@esbuild/win32-x64": "@esbuild/win32-x64@0.17.19"
        }
      },
      "escape-string-regexp@4.0.0": {
        "integrity": "sha512-TtpcNJ3XAzx3Gq8sWRzJaVajRs0uVxA2YAkdb1jm2YkPz4G6egUFAyA3n5vtEIZefPk5Wa4UXbKuS5fKkJWdgA==",
        "dependencies": {}
      },
      "estree-walker@0.6.1": {
        "integrity": "sha512-SqmZANLWS0mnatqbSfRP5g8OXZC12Fgg1IwNtLsyHDzJizORW4khDfjPqJZsemPWBB2uqykUah5YpQ6epsqC/w==",
        "dependencies": {}
      },
      "exit-hook@2.2.1": {
        "integrity": "sha512-eNTPlAD67BmP31LDINZ3U7HSF8l57TxOY2PmBJ1shpCvpnxBF93mWCE8YHBnXs8qiUZJc9WDcWIeC3a2HIAMfw==",
        "dependencies": {}
      },
      "fill-range@7.0.1": {
        "integrity": "sha512-qOo9F+dMUmC2Lcb4BbVvnKJxTPjCm+RRpe4gDuGrzkL7mEVl/djYSu2OdQ2Pa302N4oqkSg9ir6jaLWJ2USVpQ==",
        "dependencies": {
          "to-regex-range": "to-regex-range@5.0.1"
        }
      },
      "fsevents@2.3.3": {
        "integrity": "sha512-5xoDfX+fL7faATnagmWPpbFtwh/R77WmMMqqHGS65C3vvB0YHrgF+B1YmZ3441tMj5n63k0212XNoJwzlhffQw==",
        "dependencies": {}
      },
      "get-source@2.0.12": {
        "integrity": "sha512-X5+4+iD+HoSeEED+uwrQ07BOQr0kEDFMVqqpBuI+RaZBpBpHCuXxo70bjar6f0b0u/DQJsJ7ssurpP0V60Az+w==",
        "dependencies": {
          "data-uri-to-buffer": "data-uri-to-buffer@2.0.2",
          "source-map": "source-map@0.6.1"
        }
      },
      "glob-parent@5.1.2": {
        "integrity": "sha512-AOIgSQCepiJYwP3ARnGx+5VnTu2HBYdzbGP45eLw1vr3zB3vZLeyed1sC9hnbcOc9/SrMyM5RPQrkGz4aS9Zow==",
        "dependencies": {
          "is-glob": "is-glob@4.0.3"
        }
      },
      "glob-to-regexp@0.4.1": {
        "integrity": "sha512-lkX1HJXwyMcprw/5YUZc2s7DrpAiHB21/V+E1rHUrVNokkvB6bqMzT0VfV6/86ZNabt1k14YOIaT7nDvOX3Iiw==",
        "dependencies": {}
      },
      "hono@3.10.1": {
        "integrity": "sha512-4jPKCmYWLAoCMpmvOU+xNOQYdcNftip7sM/IsO8EPyGAtjk9fGNyUchG6huSzLrY449WDNGFPetVs5doepNnlA==",
        "dependencies": {}
      },
      "hono@3.7.6": {
        "integrity": "sha512-nuLNH9+nV6ojXK6b9I0RGZgdMuLTOXeQPs6xsIw/G5iyT8j8m7Nnx8pTxQprmSmCaEYIPv91rCcq45PQNfW68A==",
        "dependencies": {}
      },
      "hono@3.8.1": {
        "integrity": "sha512-im5K3bEyb6iMQP5Tfei5vfoHLnIKrsAqT/GNJJ4lxS75MvNaecUbPX0Xgi0ibTIos31lA5oYevMDGNNXhHJ9wA==",
        "dependencies": {}
      },
      "humanize-string@3.0.0": {
        "integrity": "sha512-jhWD2GAZRMELz0IEIfqpEdi0M4CMQF1GpJpBYIopFN6wT+78STiujfQTKcKqZzOJgUkIgJSo2xFeHdsg922JZQ==",
        "dependencies": {
          "decamelize": "decamelize@6.0.0"
        }
      },
      "is-binary-path@2.1.0": {
        "integrity": "sha512-ZMERYes6pDydyuGidse7OsHxtbI7WVeUEozgR/g7rd0xUimYNlvZRE/K2MgZTjWy725IfelLeVcEM97mmtRGXw==",
        "dependencies": {
          "binary-extensions": "binary-extensions@2.2.0"
        }
      },
      "is-extglob@2.1.1": {
        "integrity": "sha512-SbKbANkN603Vi4jEZv49LeVJMn4yGwsbzZworEoyEiutsN3nJYdbO36zfhGJ6QEDpOZIFkDtnq5JRxmvl3jsoQ==",
        "dependencies": {}
      },
      "is-glob@4.0.3": {
        "integrity": "sha512-xelSayHH36ZgE7ZWhli7pW34hNbNl8Ojv5KVmkJD4hBdD3th8Tfk9vYasLM+mXWOZhFkgZfxhLSnrwRr4elSSg==",
        "dependencies": {
          "is-extglob": "is-extglob@2.1.1"
        }
      },
      "is-number@7.0.0": {
        "integrity": "sha512-41Cifkg6e8TylSpdtTpeLVMqvSBEVzTttHvERD741+pnZ8ANv0004MRL43QKPDlK9cGvNp6NZWZUBlbGXYxxng==",
        "dependencies": {}
      },
      "magic-string@0.25.9": {
        "integrity": "sha512-RmF0AsMzgt25qzqqLc1+MbHmhdx0ojF2Fvs4XnOqz2ZOBXzzkEwc/dJQZCYHAn7v1jbVOjAZfK8msRn4BxO4VQ==",
        "dependencies": {
          "sourcemap-codec": "sourcemap-codec@1.4.8"
        }
      },
      "mime@3.0.0": {
        "integrity": "sha512-jSCU7/VB1loIWBZe14aEYHU/+1UMEHoaO7qxCOVJOw9GgH72VAWppxNcjU+x9a2k3GSIBXNKxXQFqRvvZ7vr3A==",
        "dependencies": {}
      },
      "miniflare@3.20231025.0": {
        "integrity": "sha512-pFcr2BRaGIQ26UfdDo8BMJ6kkd/Jo/FkQ/4K7UG/eORlDepsLrR/sTJddcSSIGl07MA+MGjhzopFTPpFskkS+g==",
        "dependencies": {
          "acorn": "acorn@8.10.0",
          "acorn-walk": "acorn-walk@8.2.0",
          "capnp-ts": "capnp-ts@0.7.0",
          "exit-hook": "exit-hook@2.2.1",
          "glob-to-regexp": "glob-to-regexp@0.4.1",
          "source-map-support": "source-map-support@0.5.21",
          "stoppable": "stoppable@1.1.0",
          "undici": "undici@5.27.2",
          "workerd": "workerd@1.20231025.0",
          "ws": "ws@8.14.2",
          "youch": "youch@3.3.3",
          "zod": "zod@3.22.4"
        }
      },
      "ms@2.1.2": {
        "integrity": "sha512-sGkPx+VjMtmA6MX27oA4FBFELFCZZ4S4XqeGOXCv68tT+jb3vk/RyaKWP0PTKyWtmLSM0b+adUTEvbs1PEaH2w==",
        "dependencies": {}
      },
      "mustache@4.2.0": {
        "integrity": "sha512-71ippSywq5Yb7/tVYyGbkBggbU8H3u5Rz56fH60jGFgr8uHwxs+aSKeqmluIVzM0m0kB7xQjKS6qPfd0b2ZoqQ==",
        "dependencies": {}
      },
      "nanoid@3.3.7": {
        "integrity": "sha512-eSRppjcPIatRIMC1U6UngP8XFcz8MQWGQdt1MTBQ7NaAmvXDfvNxbvWV3x2y6CdEUciCSsDHDQZbhYaB8QEo2g==",
        "dependencies": {}
      },
      "node-forge@1.3.1": {
        "integrity": "sha512-dPEtOeMvF9VMcYV/1Wb8CPoVAXtp6MKMlcbAt4ddqmGqUJ6fQZFXkNZNkNlfevtNkGtaSoXf/vNNNSvgrdXwtA==",
        "dependencies": {}
      },
      "normalize-path@3.0.0": {
        "integrity": "sha512-6eZs5Ls3WtCisHWp9S2GUy8dqkpGi4BVSz3GaqiE6ezub0512ESztXUwUB6C6IKbQkY2Pnb/mD4WYojCRwcwLA==",
        "dependencies": {}
      },
      "path-to-regexp@6.2.1": {
        "integrity": "sha512-JLyh7xT1kizaEvcaXOQwOc2/Yhw6KZOvPf1S8401UyLk86CU79LN3vl7ztXGm/pZ+YjoyAJ4rxmHwbkBXJX+yw==",
        "dependencies": {}
      },
      "picomatch@2.3.1": {
        "integrity": "sha512-JU3teHTNjmE2VCGFzuY8EXzCDVwEqB2a8fsIvwaStHhAWJEeVd1o1QD80CU6+ZdEXXSLbSsuLwJjkCBWqRQUVA==",
        "dependencies": {}
      },
      "printable-characters@1.0.42": {
        "integrity": "sha512-dKp+C4iXWK4vVYZmYSd0KBH5F/h1HoZRsbJ82AVKRO3PEo8L4lBS/vLwhVtpwwuYcoIsVY+1JYKR268yn480uQ==",
        "dependencies": {}
      },
      "readdirp@3.6.0": {
        "integrity": "sha512-hOS089on8RduqdbhvQ5Z37A0ESjsqz6qnRcffsMU3495FuTdqSm+7bhJ29JvIOsBDEEnan5DPu9t3To9VRlMzA==",
        "dependencies": {
          "picomatch": "picomatch@2.3.1"
        }
      },
      "resolve.exports@2.0.2": {
        "integrity": "sha512-X2UW6Nw3n/aMgDVy+0rSqgHlv39WZAlZrXCdnbyEiKm17DSqHX4MmQMaST3FbeWR5FTuRcUwYAziZajji0Y7mg==",
        "dependencies": {}
      },
      "rollup-plugin-inject@3.0.2": {
        "integrity": "sha512-ptg9PQwzs3orn4jkgXJ74bfs5vYz1NCZlSQMBUA0wKcGp5i5pA1AO3fOUEte8enhGUC+iapTCzEWw2jEFFUO/w==",
        "dependencies": {
          "estree-walker": "estree-walker@0.6.1",
          "magic-string": "magic-string@0.25.9",
          "rollup-pluginutils": "rollup-pluginutils@2.8.2"
        }
      },
      "rollup-plugin-node-polyfills@0.2.1": {
        "integrity": "sha512-4kCrKPTJ6sK4/gLL/U5QzVT8cxJcofO0OU74tnB19F40cmuAKSzH5/siithxlofFEjwvw1YAhPmbvGNA6jEroA==",
        "dependencies": {
          "rollup-plugin-inject": "rollup-plugin-inject@3.0.2"
        }
      },
      "rollup-pluginutils@2.8.2": {
        "integrity": "sha512-EEp9NhnUkwY8aif6bxgovPHMoMoNr2FulJziTndpt5H9RdwC47GSGuII9XxpSdzVGM0GWrNPHV6ie1LTNJPaLQ==",
        "dependencies": {
          "estree-walker": "estree-walker@0.6.1"
        }
      },
      "selfsigned@2.4.1": {
        "integrity": "sha512-th5B4L2U+eGLq1TVh7zNRGBapioSORUeymIydxgFpwww9d2qyKvtuPU2jJuHvYAwwqi2Y596QBL3eEqcPEYL8Q==",
        "dependencies": {
          "@types/node-forge": "@types/node-forge@1.3.9",
          "node-forge": "node-forge@1.3.1"
        }
      },
      "source-map-support@0.5.21": {
        "integrity": "sha512-uBHU3L3czsIyYXKX88fdrGovxdSCoTGDRZ6SYXtSRxLZUzHg5P/66Ht6uoUlHu9EZod+inXhKo3qQgwXUT/y1w==",
        "dependencies": {
          "buffer-from": "buffer-from@1.1.2",
          "source-map": "source-map@0.6.1"
        }
      },
      "source-map@0.6.1": {
        "integrity": "sha512-UjgapumWlbMhkBgzT7Ykc5YXUT46F0iKu8SGXq0bcwP5dz/h0Plj6enJqjz1Zbq2l5WaqYnrVbwWOWMyF3F47g==",
        "dependencies": {}
      },
      "sourcemap-codec@1.4.8": {
        "integrity": "sha512-9NykojV5Uih4lgo5So5dtw+f0JgJX30KCNI8gwhz2J9A15wD0Ml6tjHKwf6fTSa6fAdVBdZeNOs9eJ71qCk8vA==",
        "dependencies": {}
      },
      "stacktracey@2.1.8": {
        "integrity": "sha512-Kpij9riA+UNg7TnphqjH7/CzctQ/owJGNbFkfEeve4Z4uxT5+JapVLFXcsurIfN34gnTWZNJ/f7NMG0E8JDzTw==",
        "dependencies": {
          "as-table": "as-table@1.0.55",
          "get-source": "get-source@2.0.12"
        }
      },
      "stoppable@1.1.0": {
        "integrity": "sha512-KXDYZ9dszj6bzvnEMRYvxgeTHU74QBFL54XKtP3nyMuJ81CFYtABZ3bAzL2EdFUaEwJOBOgENyFj3R7oTzDyyw==",
        "dependencies": {}
      },
      "to-regex-range@5.0.1": {
        "integrity": "sha512-65P7iz6X5yEr1cwcgvQxbbIw7Uk3gOy5dIdtZ4rDveLqhrdJP+Li/Hx6tyK0NEb+2GCyneCMJiGqrADCSNk8sQ==",
        "dependencies": {
          "is-number": "is-number@7.0.0"
        }
      },
      "tslib@2.6.2": {
        "integrity": "sha512-AEYxH93jGFPn/a2iVAwW87VuUIkR1FVUKB77NwMF7nBTDkDrrT/Hpt/IrCJ0QXhW27jTBDcf5ZY7w6RiqTMw2Q==",
        "dependencies": {}
      },
      "undici@5.27.2": {
        "integrity": "sha512-iS857PdOEy/y3wlM3yRp+6SNQQ6xU0mmZcwRSriqk+et/cwWAtwmIGf6WkoDN2EK/AMdCO/dfXzIwi+rFMrjjQ==",
        "dependencies": {
          "@fastify/busboy": "@fastify/busboy@2.1.0"
        }
      },
      "workerd@1.20231025.0": {
        "integrity": "sha512-W1PFtpMFfvmm+ozBf+u70TE3Pviv7WA4qzDeejHDC4z+PFDq4+3KJCkgffaGBO86h+akWO0hSsc0uXL2zAqofQ==",
        "dependencies": {
          "@cloudflare/workerd-darwin-64": "@cloudflare/workerd-darwin-64@1.20231025.0",
          "@cloudflare/workerd-darwin-arm64": "@cloudflare/workerd-darwin-arm64@1.20231025.0",
          "@cloudflare/workerd-linux-64": "@cloudflare/workerd-linux-64@1.20231025.0",
          "@cloudflare/workerd-linux-arm64": "@cloudflare/workerd-linux-arm64@1.20231025.0",
          "@cloudflare/workerd-windows-64": "@cloudflare/workerd-windows-64@1.20231025.0"
        }
      },
      "wrangler@3.15.0_esbuild@0.17.19": {
        "integrity": "sha512-kxzK62rD+LRrDeZZzw8cP6FBub71vJCbfAAb594XobXajgXYh3pFjv18Vm8YLxHzoGMhmAOJPA5b4DHq4HEUCw==",
        "dependencies": {
          "@cloudflare/kv-asset-handler": "@cloudflare/kv-asset-handler@0.2.0",
          "@esbuild-plugins/node-globals-polyfill": "@esbuild-plugins/node-globals-polyfill@0.2.3_esbuild@0.17.19",
          "@esbuild-plugins/node-modules-polyfill": "@esbuild-plugins/node-modules-polyfill@0.2.2_esbuild@0.17.19",
          "blake3-wasm": "blake3-wasm@2.1.5",
          "chokidar": "chokidar@3.5.3",
          "esbuild": "esbuild@0.17.19",
          "fsevents": "fsevents@2.3.3",
          "miniflare": "miniflare@3.20231025.0",
          "nanoid": "nanoid@3.3.7",
          "path-to-regexp": "path-to-regexp@6.2.1",
          "resolve.exports": "resolve.exports@2.0.2",
          "selfsigned": "selfsigned@2.4.1",
          "source-map": "source-map@0.6.1",
          "source-map-support": "source-map-support@0.5.21",
          "xxhash-wasm": "xxhash-wasm@1.0.2"
        }
      },
      "ws@8.14.2": {
        "integrity": "sha512-wEBG1ftX4jcglPxgFCMJmZ2PLtSbJ2Peg6TmpJFTbe9GZYOQCDPdMYu/Tm0/bGZkw8paZnJY45J4K2PZrLYq8g==",
        "dependencies": {}
      },
      "xxhash-wasm@1.0.2": {
        "integrity": "sha512-ibF0Or+FivM9lNrg+HGJfVX8WJqgo+kCLDc4vx6xMeTce7Aj+DLttKbxxRR/gNLSAelRc1omAPlJ77N/Jem07A==",
        "dependencies": {}
      },
      "youch@3.3.3": {
        "integrity": "sha512-qSFXUk3UZBLfggAW3dJKg0BMblG5biqSF8M34E06o5CSsZtH92u9Hqmj2RzGiHDi64fhe83+4tENFP2DB6t6ZA==",
        "dependencies": {
          "cookie": "cookie@0.5.0",
          "mustache": "mustache@4.2.0",
          "stacktracey": "stacktracey@2.1.8"
        }
      },
      "zod@3.22.4": {
        "integrity": "sha512-iC+8Io04lddc+mVqQ9AZ7OQ2MrUKGN+oIQyq1vemgt46jwCwLfhq7/pwnBnNXXXZb8VTVLKwp9EDkx+ryxIWmg==",
        "dependencies": {}
      }
    }
  },
  "redirects": {
    "https://deno.land/x/case/mod.ts": "https://deno.land/x/case@2.2.0/mod.ts",
    "https://deno.land/x/punycode/punycode.js": "https://deno.land/x/punycode@v2.1.1/punycode.js",
    "https://deno.land/x/slug/mod.ts": "https://deno.land/x/slug@v1.1.0/mod.ts"
  },
  "remote": {
    "https://deno.land/std@0.203.0/assert/_constants.ts": "8a9da298c26750b28b326b297316cdde860bc237533b07e1337c021379e6b2a9",
    "https://deno.land/std@0.203.0/assert/_diff.ts": "1a3c044aedf77647d6cac86b798c6417603361b66b54c53331b312caeb447aea",
    "https://deno.land/std@0.203.0/assert/_format.ts": "a69126e8a469009adf4cf2a50af889aca364c349797e63174884a52ff75cf4c7",
    "https://deno.land/std@0.203.0/assert/assert.ts": "9a97dad6d98c238938e7540736b826440ad8c1c1e54430ca4c4e623e585607ee",
    "https://deno.land/std@0.203.0/assert/assert_almost_equals.ts": "e15ca1f34d0d5e0afae63b3f5d975cbd18335a132e42b0c747d282f62ad2cd6c",
    "https://deno.land/std@0.203.0/assert/assert_array_includes.ts": "6856d7f2c3544bc6e62fb4646dfefa3d1df5ff14744d1bca19f0cbaf3b0d66c9",
    "https://deno.land/std@0.203.0/assert/assert_equals.ts": "d8ec8a22447fbaf2fc9d7c3ed2e66790fdb74beae3e482855d75782218d68227",
    "https://deno.land/std@0.203.0/assert/assert_exists.ts": "407cb6b9fb23a835cd8d5ad804e2e2edbbbf3870e322d53f79e1c7a512e2efd7",
    "https://deno.land/std@0.203.0/assert/assert_false.ts": "0ccbcaae910f52c857192ff16ea08bda40fdc79de80846c206bfc061e8c851c6",
    "https://deno.land/std@0.203.0/assert/assert_greater.ts": "ae2158a2d19313bf675bf7251d31c6dc52973edb12ac64ac8fc7064152af3e63",
    "https://deno.land/std@0.203.0/assert/assert_greater_or_equal.ts": "1439da5ebbe20855446cac50097ac78b9742abe8e9a43e7de1ce1426d556e89c",
    "https://deno.land/std@0.203.0/assert/assert_instance_of.ts": "3aedb3d8186e120812d2b3a5dea66a6e42bf8c57a8bd927645770bd21eea554c",
    "https://deno.land/std@0.203.0/assert/assert_is_error.ts": "c21113094a51a296ffaf036767d616a78a2ae5f9f7bbd464cd0197476498b94b",
    "https://deno.land/std@0.203.0/assert/assert_less.ts": "aec695db57db42ec3e2b62e97e1e93db0063f5a6ec133326cc290ff4b71b47e4",
    "https://deno.land/std@0.203.0/assert/assert_less_or_equal.ts": "5fa8b6a3ffa20fd0a05032fe7257bf985d207b85685fdbcd23651b70f928c848",
    "https://deno.land/std@0.203.0/assert/assert_match.ts": "c4083f80600bc190309903c95e397a7c9257ff8b5ae5c7ef91e834704e672e9b",
    "https://deno.land/std@0.203.0/assert/assert_not_equals.ts": "9f1acab95bd1f5fc9a1b17b8027d894509a745d91bac1718fdab51dc76831754",
    "https://deno.land/std@0.203.0/assert/assert_not_instance_of.ts": "0c14d3dfd9ab7a5276ed8ed0b18c703d79a3d106102077ec437bfe7ed912bd22",
    "https://deno.land/std@0.203.0/assert/assert_not_match.ts": "3796a5b0c57a1ce6c1c57883dd4286be13a26f715ea662318ab43a8491a13ab0",
    "https://deno.land/std@0.203.0/assert/assert_not_strict_equals.ts": "ca6c6d645e95fbc873d25320efeb8c4c6089a9a5e09f92d7c1c4b6e935c2a6ad",
    "https://deno.land/std@0.203.0/assert/assert_object_match.ts": "d8fc2867cfd92eeacf9cea621e10336b666de1874a6767b5ec48988838370b54",
    "https://deno.land/std@0.203.0/assert/assert_rejects.ts": "45c59724de2701e3b1f67c391d6c71c392363635aad3f68a1b3408f9efca0057",
    "https://deno.land/std@0.203.0/assert/assert_strict_equals.ts": "b1f538a7ea5f8348aeca261d4f9ca603127c665e0f2bbfeb91fa272787c87265",
    "https://deno.land/std@0.203.0/assert/assert_string_includes.ts": "b821d39ebf5cb0200a348863c86d8c4c4b398e02012ce74ad15666fc4b631b0c",
    "https://deno.land/std@0.203.0/assert/assert_throws.ts": "63784e951475cb7bdfd59878cd25a0931e18f6dc32a6077c454b2cd94f4f4bcd",
    "https://deno.land/std@0.203.0/assert/assertion_error.ts": "4d0bde9b374dfbcbe8ac23f54f567b77024fb67dbb1906a852d67fe050d42f56",
    "https://deno.land/std@0.203.0/assert/equal.ts": "9f1a46d5993966d2596c44e5858eec821859b45f783a5ee2f7a695dfc12d8ece",
    "https://deno.land/std@0.203.0/assert/fail.ts": "c36353d7ae6e1f7933d45f8ea51e358c8c4b67d7e7502028598fe1fea062e278",
    "https://deno.land/std@0.203.0/assert/mod.ts": "37c49a26aae2b254bbe25723434dc28cd7532e444cf0b481a97c045d110ec085",
    "https://deno.land/std@0.203.0/assert/unimplemented.ts": "d56fbeecb1f108331a380f72e3e010a1f161baa6956fd0f7cf3e095ae1a4c75a",
    "https://deno.land/std@0.203.0/assert/unreachable.ts": "4600dc0baf7d9c15a7f7d234f00c23bca8f3eba8b140286aaca7aa998cf9a536",
    "https://deno.land/std@0.203.0/fmt/colors.ts": "c51c4642678eb690dcf5ffee5918b675bf01a33fba82acf303701ae1a4f8c8d9",
    "https://deno.land/x/case@2.2.0/camelCase.ts": "b9a4cf361a7c9740ecb75e00b5e2c006bd4e5d40e442d26c5f2760286fa66796",
    "https://deno.land/x/case@2.2.0/constantCase.ts": "c698fc32f00cd267c1684b1d413d784260d7e7798f2bf506803e418497d839b5",
    "https://deno.land/x/case@2.2.0/dotCase.ts": "03ae55d5635e6a4ca894a003d9297cd9cd283af2e7d761dd3de13663849a9423",
    "https://deno.land/x/case@2.2.0/headerCase.ts": "3f6c8ab2ab30a88147326bce28a00d1189ec98ab61c83ab72ce79e852afddc4a",
    "https://deno.land/x/case@2.2.0/lowerCase.ts": "d75eb55cadfa589f9f2a973924a8a209054477d9574da669410f4d817ab25b41",
    "https://deno.land/x/case@2.2.0/lowerFirstCase.ts": "b001efbf2d715b53d066b22cdbf8eda7f99aa7108e3d12fb02f80d499bae93d9",
    "https://deno.land/x/case@2.2.0/mod.ts": "28b0b1329c7b18730799ac05627a433d9547c04b9bfb429116247c60edecd97b",
    "https://deno.land/x/case@2.2.0/normalCase.ts": "085c8b6f9d69283c8b86f2e504d43278c2be8b7e56a3ed8d4a5f395e398bdc29",
    "https://deno.land/x/case@2.2.0/paramCase.ts": "a234c9c17dfbaddee647b6571c2c90e8f6530123fed26c4546f4063d67c1609f",
    "https://deno.land/x/case@2.2.0/pascalCase.ts": "4b3ef0a68173871a821d306d4067e8f72d42aeeef1eea6aeab30af6bfa3d7427",
    "https://deno.land/x/case@2.2.0/pathCase.ts": "330a34b4df365b0291d8e36158235340131730aae6f6add66962ed2d0fbead4a",
    "https://deno.land/x/case@2.2.0/sentenceCase.ts": "b312cef147a13b58ffdf3c36bf55b33aa8322c91f4aa9b32318f3911bb92327f",
    "https://deno.land/x/case@2.2.0/snakeCase.ts": "e5ac1e08532ca397aa3150a0a3255d59f63a186d934e5094a8ffd24cbca7f955",
    "https://deno.land/x/case@2.2.0/swapCase.ts": "bb03742fcf613f733890680ceca1b39b65ed290f36a317fcd47edd517c4e0e1e",
    "https://deno.land/x/case@2.2.0/titleCase.ts": "c287131ea2c955e67cdd5cf604de96d31a8e2813305759922b9ed27e3be354e7",
    "https://deno.land/x/case@2.2.0/types.ts": "8e2bd6edaa27c0d1972c0d5b76698564740f37b4d3787d58d1fb5f48de611e61",
    "https://deno.land/x/case@2.2.0/upperCase.ts": "6cca267bb04d098bf4abf21e42e60c3e68ede89b12e525643c6b6eff3e10de34",
    "https://deno.land/x/case@2.2.0/upperFirstCase.ts": "b964c2d8d3a85c78cd35f609135cbde99d84b9522a21470336b5af80a37facbd",
    "https://deno.land/x/case@2.2.0/vendor/camelCaseRegexp.ts": "7d9ff02aad4ab6429eeab7c7353f7bcdd6cc5909a8bd3dda97918c8bbb7621ae",
    "https://deno.land/x/case@2.2.0/vendor/camelCaseUpperRegexp.ts": "292de54a698370f90adcdf95727993d09888b7f33d17f72f8e54ba75f7791787",
    "https://deno.land/x/case@2.2.0/vendor/nonWordRegexp.ts": "c1a052629a694144b48c66b0175a22a83f4d61cb40f4e45293fc5d6b123f927e",
    "https://deno.land/x/punycode@v2.1.1/punycode.js": "3de0ad931f4637cdcc2bd600d831ef3cd20dd0876e1c54d5ab438f81c123489d",
    "https://deno.land/x/slug@v1.1.0/lib/locale.ts": "824401e31650704aec7595750e1898495c7f81f848c3b5150adb1a6a609a1741",
    "https://deno.land/x/slug@v1.1.0/mod.ts": "b0d86966a651871d610f81062c865e40fca1c7932584c7bf687e3d432825cfd6"
  }
}
