{
  "version": "3",
  "packages": {
    "specifiers": {
      "npm:hono": "npm:hono@3.7.6",
      "npm:hono@3.8.1": "npm:hono@3.8.1",
      "npm:humanize-string": "npm:humanize-string@3.0.0"
    },
    "npm": {
      "decamelize@6.0.0": {
        "integrity": "sha512-Fv96DCsdOgB6mdGl67MT5JaTNKRzrzill5OH5s8bjYJXVlcXyPYGyPsUkWyGV5p1TXI5esYIYMMeDJL0hEIwaA==",
        "dependencies": {}
      },
      "hono@3.7.6": {
        "integrity": "sha512-nuLNH9+nV6ojXK6b9I0RGZgdMuLTOXeQPs6xsIw/G5iyT8j8m7Nnx8pTxQprmSmCaEYIPv91rCcq45PQNfW68A==",
        "dependencies": {}
      },
      "hono@3.8.1": {
        "integrity": "sha512-im5K3bEyb6iMQP5Tfei5vfoHLnIKrsAqT/GNJJ4lxS75MvNaecUbPX0Xgi0ibTIos31lA5oYevMDGNNXhHJ9wA==",
        "dependencies": {}
      },
      "humanize-string@3.0.0": {
        "integrity": "sha512-jhWD2GAZRMELz0IEIfqpEdi0M4CMQF1GpJpBYIopFN6wT+78STiujfQTKcKqZzOJgUkIgJSo2xFeHdsg922JZQ==",
        "dependencies": {
          "decamelize": "decamelize@6.0.0"
        }
      }
    }
  },
  "redirects": {
    "https://deno.land/x/punycode/punycode.js": "https://deno.land/x/punycode@v2.1.1/punycode.js",
    "https://deno.land/x/slug/mod.ts": "https://deno.land/x/slug@v1.1.0/mod.ts"
  },
  "remote": {
    "https://deno.land/x/punycode@v2.1.1/punycode.js": "3de0ad931f4637cdcc2bd600d831ef3cd20dd0876e1c54d5ab438f81c123489d",
    "https://deno.land/x/slug@v1.1.0/lib/locale.ts": "824401e31650704aec7595750e1898495c7f81f848c3b5150adb1a6a609a1741",
    "https://deno.land/x/slug@v1.1.0/mod.ts": "b0d86966a651871d610f81062c865e40fca1c7932584c7bf687e3d432825cfd6"
  }
}
